// !$*UTF8*$!
{
	archiveVersion = 1;
	classes = {
	};
	objectVersion = 56;
	objects = {

/* Begin PBXBuildFile section */
		FA013D332BFAC51D005BD477 /* BacoTellApp.swift in Sources */ = {isa = PBXBuildFile; fileRef = FA013D322BFAC51D005BD477 /* BacoTellApp.swift */; };
		FA013D352BFAC51D005BD477 /* ContentView.swift in Sources */ = {isa = PBXBuildFile; fileRef = FA013D342BFAC51D005BD477 /* ContentView.swift */; };
		FA013D372BFAC51E005BD477 /* Assets.xcassets in Resources */ = {isa = PBXBuildFile; fileRef = FA013D362BFAC51E005BD477 /* Assets.xcassets */; };
		FA013D3B2BFAC51E005BD477 /* Preview Assets.xcassets in Resources */ = {isa = PBXBuildFile; fileRef = FA013D3A2BFAC51E005BD477 /* Preview Assets.xcassets */; };
		FAC200002BFD135700BCFBA4 /* HeaderView.swift in Sources */ = {isa = PBXBuildFile; fileRef = FAC2FFFF2BFD135700BCFBA4 /* HeaderView.swift */; };
		FAC200022BFD136D00BCFBA4 /* HomeView.swift in Sources */ = {isa = PBXBuildFile; fileRef = FAC200012BFD136D00BCFBA4 /* HomeView.swift */; };
		FAC200042BFD157100BCFBA4 /* MapView.swift in Sources */ = {isa = PBXBuildFile; fileRef = FAC200032BFD157100BCFBA4 /* MapView.swift */; };
		FAC2FFF52BFAC7C500BCFBA4 /* MenuItem.swift in Sources */ = {isa = PBXBuildFile; fileRef = FAC2FFF42BFAC7C500BCFBA4 /* MenuItem.swift */; };
		FAC2FFF72BFACF8300BCFBA4 /* DeliveryMethod.swift in Sources */ = {isa = PBXBuildFile; fileRef = FAC2FFF62BFACF8300BCFBA4 /* DeliveryMethod.swift */; };
		FAC2FFF92BFAD15E00BCFBA4 /* User.swift in Sources */ = {isa = PBXBuildFile; fileRef = FAC2FFF82BFAD15E00BCFBA4 /* User.swift */; };
		FAC2FFFC2BFD132500BCFBA4 /* MenuOfferView.swift in Sources */ = {isa = PBXBuildFile; fileRef = FAC2FFFB2BFD132500BCFBA4 /* MenuOfferView.swift */; };
		FAC2FFFE2BFD134A00BCFBA4 /* OfferView.swift in Sources */ = {isa = PBXBuildFile; fileRef = FAC2FFFD2BFD134A00BCFBA4 /* OfferView.swift */; };
/* End PBXBuildFile section */

/* Begin PBXFileReference section */
		FA013D2F2BFAC51D005BD477 /* BacoTell.app */ = {isa = PBXFileReference; explicitFileType = wrapper.application; includeInIndex = 0; path = BacoTell.app; sourceTree = BUILT_PRODUCTS_DIR; };
		FA013D322BFAC51D005BD477 /* BacoTellApp.swift */ = {isa = PBXFileReference; lastKnownFileType = sourcecode.swift; path = BacoTellApp.swift; sourceTree = "<group>"; };
		FA013D342BFAC51D005BD477 /* ContentView.swift */ = {isa = PBXFileReference; lastKnownFileType = sourcecode.swift; path = ContentView.swift; sourceTree = "<group>"; };
		FA013D362BFAC51E005BD477 /* Assets.xcassets */ = {isa = PBXFileReference; lastKnownFileType = folder.assetcatalog; path = Assets.xcassets; sourceTree = "<group>"; };
		FA013D382BFAC51E005BD477 /* BacoTell.entitlements */ = {isa = PBXFileReference; lastKnownFileType = text.plist.entitlements; path = BacoTell.entitlements; sourceTree = "<group>"; };
		FA013D3A2BFAC51E005BD477 /* Preview Assets.xcassets */ = {isa = PBXFileReference; lastKnownFileType = folder.assetcatalog; path = "Preview Assets.xcassets"; sourceTree = "<group>"; };
		FAC200012BFD136D00BCFBA4 /* HomeView.swift */ = {isa = PBXFileReference; lastKnownFileType = sourcecode.swift; path = HomeView.swift; sourceTree = "<group>"; };
		FAC200032BFD157100BCFBA4 /* MapView.swift */ = {isa = PBXFileReference; lastKnownFileType = sourcecode.swift; path = MapView.swift; sourceTree = "<group>"; };
		FAC200402BFE4FE900BCFBA4 /* Info.plist */ = {isa = PBXFileReference; lastKnownFileType = text.plist; path = Info.plist; sourceTree = "<group>"; };
		FAC2FFF42BFAC7C500BCFBA4 /* MenuItem.swift */ = {isa = PBXFileReference; lastKnownFileType = sourcecode.swift; path = MenuItem.swift; sourceTree = "<group>"; };
		FAC2FFF62BFACF8300BCFBA4 /* DeliveryMethod.swift */ = {isa = PBXFileReference; lastKnownFileType = sourcecode.swift; path = DeliveryMethod.swift; sourceTree = "<group>"; };
		FAC2FFF82BFAD15E00BCFBA4 /* User.swift */ = {isa = PBXFileReference; lastKnownFileType = sourcecode.swift; path = User.swift; sourceTree = "<group>"; };
		FAC2FFFB2BFD132500BCFBA4 /* MenuOfferView.swift */ = {isa = PBXFileReference; lastKnownFileType = sourcecode.swift; path = MenuOfferView.swift; sourceTree = "<group>"; };
		FAC2FFFD2BFD134A00BCFBA4 /* OfferView.swift */ = {isa = PBXFileReference; lastKnownFileType = sourcecode.swift; path = OfferView.swift; sourceTree = "<group>"; };
		FAC2FFFF2BFD135700BCFBA4 /* HeaderView.swift */ = {isa = PBXFileReference; lastKnownFileType = sourcecode.swift; path = HeaderView.swift; sourceTree = "<group>"; };
/* End PBXFileReference section */

/* Begin PBXFrameworksBuildPhase section */
		FA013D2C2BFAC51D005BD477 /* Frameworks */ = {
			isa = PBXFrameworksBuildPhase;
			buildActionMask = 2147483647;
			files = (
			);
			runOnlyForDeploymentPostprocessing = 0;
		};
/* End PBXFrameworksBuildPhase section */

/* Begin PBXGroup section */
		FA013D262BFAC51D005BD477 = {
			isa = PBXGroup;
			children = (
				FA013D312BFAC51D005BD477 /* BacoTell */,
				FA013D302BFAC51D005BD477 /* Products */,
			);
			sourceTree = "<group>";
		};
		FA013D302BFAC51D005BD477 /* Products */ = {
			isa = PBXGroup;
			children = (
				FA013D2F2BFAC51D005BD477 /* BacoTell.app */,
			);
			name = Products;
			sourceTree = "<group>";
		};
		FA013D312BFAC51D005BD477 /* BacoTell */ = {
			isa = PBXGroup;
			children = (
				FAC200402BFE4FE900BCFBA4 /* Info.plist */,
				FAC2FFFA2BFD130D00BCFBA4 /* Views */,
				FAC2FFF32BFAC7BC00BCFBA4 /* Models */,
				FA013D322BFAC51D005BD477 /* BacoTellApp.swift */,
				FA013D362BFAC51E005BD477 /* Assets.xcassets */,
				FA013D382BFAC51E005BD477 /* BacoTell.entitlements */,
				FA013D392BFAC51E005BD477 /* Preview Content */,
			);
			path = BacoTell;
			sourceTree = "<group>";
		};
		FA013D392BFAC51E005BD477 /* Preview Content */ = {
			isa = PBXGroup;
			children = (
				FA013D3A2BFAC51E005BD477 /* Preview Assets.xcassets */,
			);
			path = "Preview Content";
			sourceTree = "<group>";
		};
		FAC2FFF32BFAC7BC00BCFBA4 /* Models */ = {
			isa = PBXGroup;
			children = (
				FAC2FFF42BFAC7C500BCFBA4 /* MenuItem.swift */,
				FAC2FFF62BFACF8300BCFBA4 /* DeliveryMethod.swift */,
				FAC2FFF82BFAD15E00BCFBA4 /* User.swift */,
			);
			path = Models;
			sourceTree = "<group>";
		};
		FAC2FFFA2BFD130D00BCFBA4 /* Views */ = {
			isa = PBXGroup;
			children = (
				FA013D342BFAC51D005BD477 /* ContentView.swift */,
				FAC2FFFB2BFD132500BCFBA4 /* MenuOfferView.swift */,
				FAC2FFFD2BFD134A00BCFBA4 /* OfferView.swift */,
				FAC2FFFF2BFD135700BCFBA4 /* HeaderView.swift */,
				FAC200012BFD136D00BCFBA4 /* HomeView.swift */,
				FAC200032BFD157100BCFBA4 /* MapView.swift */,
			);
			path = Views;
			sourceTree = "<group>";
		};
/* End PBXGroup section */

/* Begin PBXNativeTarget section */
		FA013D2E2BFAC51D005BD477 /* BacoTell */ = {
			isa = PBXNativeTarget;
			buildConfigurationList = FA013D3E2BFAC51E005BD477 /* Build configuration list for PBXNativeTarget "BacoTell" */;
			buildPhases = (
				FA013D2B2BFAC51D005BD477 /* Sources */,
				FA013D2C2BFAC51D005BD477 /* Frameworks */,
				FA013D2D2BFAC51D005BD477 /* Resources */,
			);
			buildRules = (
			);
			dependencies = (
			);
			name = BacoTell;
			productName = BacoTell;
			productReference = FA013D2F2BFAC51D005BD477 /* BacoTell.app */;
			productType = "com.apple.product-type.application";
		};
/* End PBXNativeTarget section */

/* Begin PBXProject section */
		FA013D272BFAC51D005BD477 /* Project object */ = {
			isa = PBXProject;
			attributes = {
				BuildIndependentTargetsInParallel = 1;
				LastSwiftUpdateCheck = 1520;
				LastUpgradeCheck = 1520;
				TargetAttributes = {
					FA013D2E2BFAC51D005BD477 = {
						CreatedOnToolsVersion = 15.2;
					};
				};
			};
			buildConfigurationList = FA013D2A2BFAC51D005BD477 /* Build configuration list for PBXProject "BacoTell" */;
			compatibilityVersion = "Xcode 14.0";
			developmentRegion = en;
			hasScannedForEncodings = 0;
			knownRegions = (
				en,
				Base,
			);
			mainGroup = FA013D262BFAC51D005BD477;
			productRefGroup = FA013D302BFAC51D005BD477 /* Products */;
			projectDirPath = "";
			projectRoot = "";
			targets = (
				FA013D2E2BFAC51D005BD477 /* BacoTell */,
			);
		};
/* End PBXProject section */

/* Begin PBXResourcesBuildPhase section */
		FA013D2D2BFAC51D005BD477 /* Resources */ = {
			isa = PBXResourcesBuildPhase;
			buildActionMask = 2147483647;
			files = (
				FA013D3B2BFAC51E005BD477 /* Preview Assets.xcassets in Resources */,
				FA013D372BFAC51E005BD477 /* Assets.xcassets in Resources */,
			);
			runOnlyForDeploymentPostprocessing = 0;
		};
/* End PBXResourcesBuildPhase section */

/* Begin PBXSourcesBuildPhase section */
		FA013D2B2BFAC51D005BD477 /* Sources */ = {
			isa = PBXSourcesBuildPhase;
			buildActionMask = 2147483647;
			files = (
				FAC200022BFD136D00BCFBA4 /* HomeView.swift in Sources */,
				FAC2FFFC2BFD132500BCFBA4 /* MenuOfferView.swift in Sources */,
				FAC2FFFE2BFD134A00BCFBA4 /* OfferView.swift in Sources */,
				FAC2FFF72BFACF8300BCFBA4 /* DeliveryMethod.swift in Sources */,
				FAC2FFF52BFAC7C500BCFBA4 /* MenuItem.swift in Sources */,
				FA013D352BFAC51D005BD477 /* ContentView.swift in Sources */,
				FAC2FFF92BFAD15E00BCFBA4 /* User.swift in Sources */,
				FAC200042BFD157100BCFBA4 /* MapView.swift in Sources */,
				FA013D332BFAC51D005BD477 /* BacoTellApp.swift in Sources */,
				FAC200002BFD135700BCFBA4 /* HeaderView.swift in Sources */,
			);
			runOnlyForDeploymentPostprocessing = 0;
		};
/* End PBXSourcesBuildPhase section */

/* Begin XCBuildConfiguration section */
		FA013D3C2BFAC51E005BD477 /* Debug */ = {
			isa = XCBuildConfiguration;
			buildSettings = {
				ALWAYS_SEARCH_USER_PATHS = NO;
				ASSETCATALOG_COMPILER_GENERATE_SWIFT_ASSET_SYMBOL_EXTENSIONS = YES;
				CLANG_ANALYZER_NONNULL = YES;
				CLANG_ANALYZER_NUMBER_OBJECT_CONVERSION = YES_AGGRESSIVE;
				CLANG_CXX_LANGUAGE_STANDARD = "gnu++20";
				CLANG_ENABLE_MODULES = YES;
				CLANG_ENABLE_OBJC_ARC = YES;
				CLANG_ENABLE_OBJC_WEAK = YES;
				CLANG_WARN_BLOCK_CAPTURE_AUTORELEASING = YES;
				CLANG_WARN_BOOL_CONVERSION = YES;
				CLANG_WARN_COMMA = YES;
				CLANG_WARN_CONSTANT_CONVERSION = YES;
				CLANG_WARN_DEPRECATED_OBJC_IMPLEMENTATIONS = YES;
				CLANG_WARN_DIRECT_OBJC_ISA_USAGE = YES_ERROR;
				CLANG_WARN_DOCUMENTATION_COMMENTS = YES;
				CLANG_WARN_EMPTY_BODY = YES;
				CLANG_WARN_ENUM_CONVERSION = YES;
				CLANG_WARN_INFINITE_RECURSION = YES;
				CLANG_WARN_INT_CONVERSION = YES;
				CLANG_WARN_NON_LITERAL_NULL_CONVERSION = YES;
				CLANG_WARN_OBJC_IMPLICIT_RETAIN_SELF = YES;
				CLANG_WARN_OBJC_LITERAL_CONVERSION = YES;
				CLANG_WARN_OBJC_ROOT_CLASS = YES_ERROR;
				CLANG_WARN_QUOTED_INCLUDE_IN_FRAMEWORK_HEADER = YES;
				CLANG_WARN_RANGE_LOOP_ANALYSIS = YES;
				CLANG_WARN_STRICT_PROTOTYPES = YES;
				CLANG_WARN_SUSPICIOUS_MOVE = YES;
				CLANG_WARN_UNGUARDED_AVAILABILITY = YES_AGGRESSIVE;
				CLANG_WARN_UNREACHABLE_CODE = YES;
				CLANG_WARN__DUPLICATE_METHOD_MATCH = YES;
				COPY_PHASE_STRIP = NO;
				DEBUG_INFORMATION_FORMAT = dwarf;
				ENABLE_STRICT_OBJC_MSGSEND = YES;
				ENABLE_TESTABILITY = YES;
				ENABLE_USER_SCRIPT_SANDBOXING = YES;
				GCC_C_LANGUAGE_STANDARD = gnu17;
				GCC_DYNAMIC_NO_PIC = NO;
				GCC_NO_COMMON_BLOCKS = YES;
				GCC_OPTIMIZATION_LEVEL = 0;
				GCC_PREPROCESSOR_DEFINITIONS = (
					"DEBUG=1",
					"$(inherited)",
				);
				GCC_WARN_64_TO_32_BIT_CONVERSION = YES;
				GCC_WARN_ABOUT_RETURN_TYPE = YES_ERROR;
				GCC_WARN_UNDECLARED_SELECTOR = YES;
				GCC_WARN_UNINITIALIZED_AUTOS = YES_AGGRESSIVE;
				GCC_WARN_UNUSED_FUNCTION = YES;
				GCC_WARN_UNUSED_VARIABLE = YES;
				LOCALIZATION_PREFERS_STRING_CATALOGS = YES;
				MTL_ENABLE_DEBUG_INFO = INCLUDE_SOURCE;
				MTL_FAST_MATH = YES;
				ONLY_ACTIVE_ARCH = YES;
				SWIFT_ACTIVE_COMPILATION_CONDITIONS = "DEBUG $(inherited)";
				SWIFT_OPTIMIZATION_LEVEL = "-Onone";
			};
			name = Debug;
		};
		FA013D3D2BFAC51E005BD477 /* Release */ = {
			isa = XCBuildConfiguration;
			buildSettings = {
				ALWAYS_SEARCH_USER_PATHS = NO;
				ASSETCATALOG_COMPILER_GENERATE_SWIFT_ASSET_SYMBOL_EXTENSIONS = YES;
				CLANG_ANALYZER_NONNULL = YES;
				CLANG_ANALYZER_NUMBER_OBJECT_CONVERSION = YES_AGGRESSIVE;
				CLANG_CXX_LANGUAGE_STANDARD = "gnu++20";
				CLANG_ENABLE_MODULES = YES;
				CLANG_ENABLE_OBJC_ARC = YES;
				CLANG_ENABLE_OBJC_WEAK = YES;
				CLANG_WARN_BLOCK_CAPTURE_AUTORELEASING = YES;
				CLANG_WARN_BOOL_CONVERSION = YES;
				CLANG_WARN_COMMA = YES;
				CLANG_WARN_CONSTANT_CONVERSION = YES;
				CLANG_WARN_DEPRECATED_OBJC_IMPLEMENTATIONS = YES;
				CLANG_WARN_DIRECT_OBJC_ISA_USAGE = YES_ERROR;
				CLANG_WARN_DOCUMENTATION_COMMENTS = YES;
				CLANG_WARN_EMPTY_BODY = YES;
				CLANG_WARN_ENUM_CONVERSION = YES;
				CLANG_WARN_INFINITE_RECURSION = YES;
				CLANG_WARN_INT_CONVERSION = YES;
				CLANG_WARN_NON_LITERAL_NULL_CONVERSION = YES;
				CLANG_WARN_OBJC_IMPLICIT_RETAIN_SELF = YES;
				CLANG_WARN_OBJC_LITERAL_CONVERSION = YES;
				CLANG_WARN_OBJC_ROOT_CLASS = YES_ERROR;
				CLANG_WARN_QUOTED_INCLUDE_IN_FRAMEWORK_HEADER = YES;
				CLANG_WARN_RANGE_LOOP_ANALYSIS = YES;
				CLANG_WARN_STRICT_PROTOTYPES = YES;
				CLANG_WARN_SUSPICIOUS_MOVE = YES;
				CLANG_WARN_UNGUARDED_AVAILABILITY = YES_AGGRESSIVE;
				CLANG_WARN_UNREACHABLE_CODE = YES;
				CLANG_WARN__DUPLICATE_METHOD_MATCH = YES;
				COPY_PHASE_STRIP = NO;
				DEBUG_INFORMATION_FORMAT = "dwarf-with-dsym";
				ENABLE_NS_ASSERTIONS = NO;
				ENABLE_STRICT_OBJC_MSGSEND = YES;
				ENABLE_USER_SCRIPT_SANDBOXING = YES;
				GCC_C_LANGUAGE_STANDARD = gnu17;
				GCC_NO_COMMON_BLOCKS = YES;
				GCC_WARN_64_TO_32_BIT_CONVERSION = YES;
				GCC_WARN_ABOUT_RETURN_TYPE = YES_ERROR;
				GCC_WARN_UNDECLARED_SELECTOR = YES;
				GCC_WARN_UNINITIALIZED_AUTOS = YES_AGGRESSIVE;
				GCC_WARN_UNUSED_FUNCTION = YES;
				GCC_WARN_UNUSED_VARIABLE = YES;
				LOCALIZATION_PREFERS_STRING_CATALOGS = YES;
				MTL_ENABLE_DEBUG_INFO = NO;
				MTL_FAST_MATH = YES;
				SWIFT_COMPILATION_MODE = wholemodule;
			};
			name = Release;
		};
		FA013D3F2BFAC51E005BD477 /* Debug */ = {
			isa = XCBuildConfiguration;
			buildSettings = {
				ASSETCATALOG_COMPILER_APPICON_NAME = AppIcon;
				ASSETCATALOG_COMPILER_GLOBAL_ACCENT_COLOR_NAME = AccentColor;
				CODE_SIGN_ENTITLEMENTS = BacoTell/BacoTell.entitlements;
				CODE_SIGN_STYLE = Automatic;
				CURRENT_PROJECT_VERSION = 1;
				DEVELOPMENT_ASSET_PATHS = "\"BacoTell/Preview Content\"";
				DEVELOPMENT_TEAM = 7H6GY6PV4T;
				ENABLE_HARDENED_RUNTIME = YES;
				ENABLE_PREVIEWS = YES;
				GENERATE_INFOPLIST_FILE = YES;
				INFOPLIST_FILE = BacoTell/Info.plist;
				INFOPLIST_KEY_NSLocationWhenInUseUsageDescription = "We nede to user yoru lcoatoun pelase";
				"INFOPLIST_KEY_UIApplicationSceneManifest_Generation[sdk=iphoneos*]" = YES;
				"INFOPLIST_KEY_UIApplicationSceneManifest_Generation[sdk=iphonesimulator*]" = YES;
				"INFOPLIST_KEY_UIApplicationSupportsIndirectInputEvents[sdk=iphoneos*]" = YES;
				"INFOPLIST_KEY_UIApplicationSupportsIndirectInputEvents[sdk=iphonesimulator*]" = YES;
				"INFOPLIST_KEY_UILaunchScreen_Generation[sdk=iphoneos*]" = YES;
				"INFOPLIST_KEY_UILaunchScreen_Generation[sdk=iphonesimulator*]" = YES;
				"INFOPLIST_KEY_UIStatusBarStyle[sdk=iphoneos*]" = UIStatusBarStyleDefault;
				"INFOPLIST_KEY_UIStatusBarStyle[sdk=iphonesimulator*]" = UIStatusBarStyleDefault;
				INFOPLIST_KEY_UISupportedInterfaceOrientations_iPad = "UIInterfaceOrientationPortrait UIInterfaceOrientationPortraitUpsideDown UIInterfaceOrientationLandscapeLeft UIInterfaceOrientationLandscapeRight";
				INFOPLIST_KEY_UISupportedInterfaceOrientations_iPhone = "UIInterfaceOrientationPortrait UIInterfaceOrientationLandscapeLeft UIInterfaceOrientationLandscapeRight";
				IPHONEOS_DEPLOYMENT_TARGET = 17.1;
				LD_RUNPATH_SEARCH_PATHS = "@executable_path/Frameworks";
				"LD_RUNPATH_SEARCH_PATHS[sdk=macosx*]" = "@executable_path/../Frameworks";
				MACOSX_DEPLOYMENT_TARGET = 13.6;
				MARKETING_VERSION = 1.0;
				PRODUCT_BUNDLE_IDENTIFIER = com.example.BacoTell;
				PRODUCT_NAME = "$(TARGET_NAME)";
				SDKROOT = auto;
				SUPPORTED_PLATFORMS = "iphoneos iphonesimulator macosx";
				SWIFT_EMIT_LOC_STRINGS = YES;
				SWIFT_VERSION = 5.0;
				TARGETED_DEVICE_FAMILY = "1,2";
			};
			name = Debug;
		};
		FA013D402BFAC51E005BD477 /* Release */ = {
			isa = XCBuildConfiguration;
			buildSettings = {
				ASSETCATALOG_COMPILER_APPICON_NAME = AppIcon;
				ASSETCATALOG_COMPILER_GLOBAL_ACCENT_COLOR_NAME = AccentColor;
				CODE_SIGN_ENTITLEMENTS = BacoTell/BacoTell.entitlements;
				CODE_SIGN_STYLE = Automatic;
				CURRENT_PROJECT_VERSION = 1;
				DEVELOPMENT_ASSET_PATHS = "\"BacoTell/Preview Content\"";
				DEVELOPMENT_TEAM = 7H6GY6PV4T;
				ENABLE_HARDENED_RUNTIME = YES;
				ENABLE_PREVIEWS = YES;
				GENERATE_INFOPLIST_FILE = YES;
				INFOPLIST_FILE = BacoTell/Info.plist;
				INFOPLIST_KEY_NSLocationWhenInUseUsageDescription = "We nede to user yoru lcoatoun pelase";
				"INFOPLIST_KEY_UIApplicationSceneManifest_Generation[sdk=iphoneos*]" = YES;
				"INFOPLIST_KEY_UIApplicationSceneManifest_Generation[sdk=iphonesimulator*]" = YES;
				"INFOPLIST_KEY_UIApplicationSupportsIndirectInputEvents[sdk=iphoneos*]" = YES;
				"INFOPLIST_KEY_UIApplicationSupportsIndirectInputEvents[sdk=iphonesimulator*]" = YES;
				"INFOPLIST_KEY_UILaunchScreen_Generation[sdk=iphoneos*]" = YES;
				"INFOPLIST_KEY_UILaunchScreen_Generation[sdk=iphonesimulator*]" = YES;
				"INFOPLIST_KEY_UIStatusBarStyle[sdk=iphoneos*]" = UIStatusBarStyleDefault;
				"INFOPLIST_KEY_UIStatusBarStyle[sdk=iphonesimulator*]" = UIStatusBarStyleDefault;
				INFOPLIST_KEY_UISupportedInterfaceOrientations_iPad = "UIInterfaceOrientationPortrait UIInterfaceOrientationPortraitUpsideDown UIInterfaceOrientationLandscapeLeft UIInterfaceOrientationLandscapeRight";
				INFOPLIST_KEY_UISupportedInterfaceOrientations_iPhone = "UIInterfaceOrientationPortrait UIInterfaceOrientationLandscapeLeft UIInterfaceOrientationLandscapeRight";
				IPHONEOS_DEPLOYMENT_TARGET = 17.1;
				LD_RUNPATH_SEARCH_PATHS = "@executable_path/Frameworks";
				"LD_RUNPATH_SEARCH_PATHS[sdk=macosx*]" = "@executable_path/../Frameworks";
				MACOSX_DEPLOYMENT_TARGET = 13.6;
				MARKETING_VERSION = 1.0;
				PRODUCT_BUNDLE_IDENTIFIER = com.example.BacoTell;
				PRODUCT_NAME = "$(TARGET_NAME)";
				SDKROOT = auto;
				SUPPORTED_PLATFORMS = "iphoneos iphonesimulator macosx";
				SWIFT_EMIT_LOC_STRINGS = YES;
				SWIFT_VERSION = 5.0;
				TARGETED_DEVICE_FAMILY = "1,2";
			};
			name = Release;
		};
/* End XCBuildConfiguration section */

/* Begin XCConfigurationList section */
		FA013D2A2BFAC51D005BD477 /* Build configuration list for PBXProject "BacoTell" */ = {
			isa = XCConfigurationList;
			buildConfigurations = (
				FA013D3C2BFAC51E005BD477 /* Debug */,
				FA013D3D2BFAC51E005BD477 /* Release */,
			);
			defaultConfigurationIsVisible = 0;
			defaultConfigurationName = Release;
		};
		FA013D3E2BFAC51E005BD477 /* Build configuration list for PBXNativeTarget "BacoTell" */ = {
			isa = XCConfigurationList;
			buildConfigurations = (
				FA013D3F2BFAC51E005BD477 /* Debug */,
				FA013D402BFAC51E005BD477 /* Release */,
			);
			defaultConfigurationIsVisible = 0;
			defaultConfigurationName = Release;
		};
/* End XCConfigurationList section */
	};
	rootObject = FA013D272BFAC51D005BD477 /* Project object */;
}
